// !$*UTF8*$!
{
	archiveVersion = 1;
	classes = {
	};
	objectVersion = 51;
	objects = {

/* Begin PBXBuildFile section */
		3805F98E2AFB24A4D5D04DA5 /* libPods-Fansbot.a in Frameworks */ = {isa = PBXBuildFile; fileRef = 9F6E2E2319AD4CC2457EE10A /* libPods-Fansbot.a */; };
		FC08E9DB255F84B200B46FF7 /* AppDelegate.m in Sources */ = {isa = PBXBuildFile; fileRef = FC08E9DA255F84B200B46FF7 /* AppDelegate.m */; };
		FC08E9E6255F84B200B46FF7 /* Assets.xcassets in Resources */ = {isa = PBXBuildFile; fileRef = FC08E9E5255F84B200B46FF7 /* Assets.xcassets */; };
		FC08E9E9255F84B200B46FF7 /* LaunchScreen.storyboard in Resources */ = {isa = PBXBuildFile; fileRef = FC08E9E7255F84B200B46FF7 /* LaunchScreen.storyboard */; };
		FC08E9EC255F84B200B46FF7 /* main.m in Sources */ = {isa = PBXBuildFile; fileRef = FC08E9EB255F84B200B46FF7 /* main.m */; };
		FC08E9F9255F85C700B46FF7 /* RootViewController.m in Sources */ = {isa = PBXBuildFile; fileRef = FC08E9F8255F85C700B46FF7 /* RootViewController.m */; };
		FC08EA12255F8FB600B46FF7 /* BootViewController.m in Sources */ = {isa = PBXBuildFile; fileRef = FC08EA11255F8FB600B46FF7 /* BootViewController.m */; };
		FC08EA192562016800B46FF7 /* NetworkManage.m in Sources */ = {isa = PBXBuildFile; fileRef = FC08EA162562016800B46FF7 /* NetworkManage.m */; };
		FC08EA1A2562016800B46FF7 /* UIViewManage.m in Sources */ = {isa = PBXBuildFile; fileRef = FC08EA172562016800B46FF7 /* UIViewManage.m */; };
		FC1006C32562079000571309 /* NSString+handle.m in Sources */ = {isa = PBXBuildFile; fileRef = FC1006C22562079000571309 /* NSString+handle.m */; };
		FC1006CB256210A000571309 /* UIColor+base.m in Sources */ = {isa = PBXBuildFile; fileRef = FC1006CA256210A000571309 /* UIColor+base.m */; };
		FC1006D0256217E800571309 /* OptionalButton.m in Sources */ = {isa = PBXBuildFile; fileRef = FC1006CF256217E800571309 /* OptionalButton.m */; };
		FC3C897325621BD200F12208 /* UIView+Toast.m in Sources */ = {isa = PBXBuildFile; fileRef = FC3C897125621BD200F12208 /* UIView+Toast.m */; };
		FC49D67D25623D7200A889A2 /* RegisterViewController.m in Sources */ = {isa = PBXBuildFile; fileRef = FC49D67C25623D7200A889A2 /* RegisterViewController.m */; };
		FC49D68325623FA200A889A2 /* BaseNavigationController.m in Sources */ = {isa = PBXBuildFile; fileRef = FC49D67F25623FA200A889A2 /* BaseNavigationController.m */; };
		FC49D68425623FA200A889A2 /* BaseViewController.m in Sources */ = {isa = PBXBuildFile; fileRef = FC49D68225623FA200A889A2 /* BaseViewController.m */; };
		FC49D6882562400200A889A2 /* UINavigationBar+handle.m in Sources */ = {isa = PBXBuildFile; fileRef = FC49D6862562400200A889A2 /* UINavigationBar+handle.m */; };
		FC49D68C25624BEF00A889A2 /* BlockTextField.m in Sources */ = {isa = PBXBuildFile; fileRef = FC49D68B25624BEF00A889A2 /* BlockTextField.m */; };
		FC49D6AD256261BA00A889A2 /* LoginViewController.m in Sources */ = {isa = PBXBuildFile; fileRef = FC49D6AC256261BA00A889A2 /* LoginViewController.m */; };
/* End PBXBuildFile section */

/* Begin PBXFileReference section */
		3AF9DAB6B2BDAF85CA350190 /* Pods-Fansbot.release.xcconfig */ = {isa = PBXFileReference; includeInIndex = 1; lastKnownFileType = text.xcconfig; name = "Pods-Fansbot.release.xcconfig"; path = "Target Support Files/Pods-Fansbot/Pods-Fansbot.release.xcconfig"; sourceTree = "<group>"; };
		9F6E2E2319AD4CC2457EE10A /* libPods-Fansbot.a */ = {isa = PBXFileReference; explicitFileType = archive.ar; includeInIndex = 0; path = "libPods-Fansbot.a"; sourceTree = BUILT_PRODUCTS_DIR; };
		F826C882E6019CD5E3B10164 /* Pods-Fansbot.debug.xcconfig */ = {isa = PBXFileReference; includeInIndex = 1; lastKnownFileType = text.xcconfig; name = "Pods-Fansbot.debug.xcconfig"; path = "Target Support Files/Pods-Fansbot/Pods-Fansbot.debug.xcconfig"; sourceTree = "<group>"; };
		FC08E9D6255F84B200B46FF7 /* Fansbot.app */ = {isa = PBXFileReference; explicitFileType = wrapper.application; includeInIndex = 0; path = Fansbot.app; sourceTree = BUILT_PRODUCTS_DIR; };
		FC08E9D9255F84B200B46FF7 /* AppDelegate.h */ = {isa = PBXFileReference; lastKnownFileType = sourcecode.c.h; path = AppDelegate.h; sourceTree = "<group>"; };
		FC08E9DA255F84B200B46FF7 /* AppDelegate.m */ = {isa = PBXFileReference; lastKnownFileType = sourcecode.c.objc; path = AppDelegate.m; sourceTree = "<group>"; };
		FC08E9E5255F84B200B46FF7 /* Assets.xcassets */ = {isa = PBXFileReference; lastKnownFileType = folder.assetcatalog; path = Assets.xcassets; sourceTree = "<group>"; };
		FC08E9E8255F84B200B46FF7 /* Base */ = {isa = PBXFileReference; lastKnownFileType = file.storyboard; name = Base; path = Base.lproj/LaunchScreen.storyboard; sourceTree = "<group>"; };
		FC08E9EA255F84B200B46FF7 /* Info.plist */ = {isa = PBXFileReference; lastKnownFileType = text.plist.xml; path = Info.plist; sourceTree = "<group>"; };
		FC08E9EB255F84B200B46FF7 /* main.m */ = {isa = PBXFileReference; lastKnownFileType = sourcecode.c.objc; path = main.m; sourceTree = "<group>"; };
		FC08E9F7255F85C700B46FF7 /* RootViewController.h */ = {isa = PBXFileReference; lastKnownFileType = sourcecode.c.h; path = RootViewController.h; sourceTree = "<group>"; };
		FC08E9F8255F85C700B46FF7 /* RootViewController.m */ = {isa = PBXFileReference; lastKnownFileType = sourcecode.c.objc; path = RootViewController.m; sourceTree = "<group>"; };
		FC08EA10255F8FB600B46FF7 /* BootViewController.h */ = {isa = PBXFileReference; lastKnownFileType = sourcecode.c.h; path = BootViewController.h; sourceTree = "<group>"; };
		FC08EA11255F8FB600B46FF7 /* BootViewController.m */ = {isa = PBXFileReference; lastKnownFileType = sourcecode.c.objc; path = BootViewController.m; sourceTree = "<group>"; };
		FC08EA152562016800B46FF7 /* UIViewManage.h */ = {isa = PBXFileReference; fileEncoding = 4; lastKnownFileType = sourcecode.c.h; path = UIViewManage.h; sourceTree = "<group>"; };
		FC08EA162562016800B46FF7 /* NetworkManage.m */ = {isa = PBXFileReference; fileEncoding = 4; lastKnownFileType = sourcecode.c.objc; path = NetworkManage.m; sourceTree = "<group>"; };
		FC08EA172562016800B46FF7 /* UIViewManage.m */ = {isa = PBXFileReference; fileEncoding = 4; lastKnownFileType = sourcecode.c.objc; path = UIViewManage.m; sourceTree = "<group>"; };
		FC08EA182562016800B46FF7 /* NetworkManage.h */ = {isa = PBXFileReference; fileEncoding = 4; lastKnownFileType = sourcecode.c.h; path = NetworkManage.h; sourceTree = "<group>"; };
		FC1006BD2562043700571309 /* PrefixHeader.pch */ = {isa = PBXFileReference; lastKnownFileType = sourcecode.c.h; path = PrefixHeader.pch; sourceTree = "<group>"; };
		FC1006C12562079000571309 /* NSString+handle.h */ = {isa = PBXFileReference; lastKnownFileType = sourcecode.c.h; path = "NSString+handle.h"; sourceTree = "<group>"; };
		FC1006C22562079000571309 /* NSString+handle.m */ = {isa = PBXFileReference; lastKnownFileType = sourcecode.c.objc; path = "NSString+handle.m"; sourceTree = "<group>"; };
		FC1006C9256210A000571309 /* UIColor+base.h */ = {isa = PBXFileReference; lastKnownFileType = sourcecode.c.h; path = "UIColor+base.h"; sourceTree = "<group>"; };
		FC1006CA256210A000571309 /* UIColor+base.m */ = {isa = PBXFileReference; lastKnownFileType = sourcecode.c.objc; path = "UIColor+base.m"; sourceTree = "<group>"; };
		FC1006CE256217E800571309 /* OptionalButton.h */ = {isa = PBXFileReference; lastKnownFileType = sourcecode.c.h; path = OptionalButton.h; sourceTree = "<group>"; };
		FC1006CF256217E800571309 /* OptionalButton.m */ = {isa = PBXFileReference; lastKnownFileType = sourcecode.c.objc; path = OptionalButton.m; sourceTree = "<group>"; };
		FC3C897125621BD200F12208 /* UIView+Toast.m */ = {isa = PBXFileReference; fileEncoding = 4; lastKnownFileType = sourcecode.c.objc; path = "UIView+Toast.m"; sourceTree = "<group>"; };
		FC3C897225621BD200F12208 /* UIView+Toast.h */ = {isa = PBXFileReference; fileEncoding = 4; lastKnownFileType = sourcecode.c.h; path = "UIView+Toast.h"; sourceTree = "<group>"; };
		FC49D67B25623D7200A889A2 /* RegisterViewController.h */ = {isa = PBXFileReference; lastKnownFileType = sourcecode.c.h; path = RegisterViewController.h; sourceTree = "<group>"; };
		FC49D67C25623D7200A889A2 /* RegisterViewController.m */ = {isa = PBXFileReference; lastKnownFileType = sourcecode.c.objc; path = RegisterViewController.m; sourceTree = "<group>"; };
		FC49D67F25623FA200A889A2 /* BaseNavigationController.m */ = {isa = PBXFileReference; fileEncoding = 4; lastKnownFileType = sourcecode.c.objc; path = BaseNavigationController.m; sourceTree = "<group>"; };
		FC49D68025623FA200A889A2 /* BaseNavigationController.h */ = {isa = PBXFileReference; fileEncoding = 4; lastKnownFileType = sourcecode.c.h; path = BaseNavigationController.h; sourceTree = "<group>"; };
		FC49D68125623FA200A889A2 /* BaseViewController.h */ = {isa = PBXFileReference; fileEncoding = 4; lastKnownFileType = sourcecode.c.h; path = BaseViewController.h; sourceTree = "<group>"; };
		FC49D68225623FA200A889A2 /* BaseViewController.m */ = {isa = PBXFileReference; fileEncoding = 4; lastKnownFileType = sourcecode.c.objc; path = BaseViewController.m; sourceTree = "<group>"; };
		FC49D6862562400200A889A2 /* UINavigationBar+handle.m */ = {isa = PBXFileReference; fileEncoding = 4; lastKnownFileType = sourcecode.c.objc; path = "UINavigationBar+handle.m"; sourceTree = "<group>"; };
		FC49D6872562400200A889A2 /* UINavigationBar+handle.h */ = {isa = PBXFileReference; fileEncoding = 4; lastKnownFileType = sourcecode.c.h; path = "UINavigationBar+handle.h"; sourceTree = "<group>"; };
		FC49D68A25624BEF00A889A2 /* BlockTextField.h */ = {isa = PBXFileReference; lastKnownFileType = sourcecode.c.h; path = BlockTextField.h; sourceTree = "<group>"; };
		FC49D68B25624BEF00A889A2 /* BlockTextField.m */ = {isa = PBXFileReference; lastKnownFileType = sourcecode.c.objc; path = BlockTextField.m; sourceTree = "<group>"; };
		FC49D6AB256261BA00A889A2 /* LoginViewController.h */ = {isa = PBXFileReference; lastKnownFileType = sourcecode.c.h; path = LoginViewController.h; sourceTree = "<group>"; };
		FC49D6AC256261BA00A889A2 /* LoginViewController.m */ = {isa = PBXFileReference; lastKnownFileType = sourcecode.c.objc; path = LoginViewController.m; sourceTree = "<group>"; };
/* End PBXFileReference section */

/* Begin PBXFrameworksBuildPhase section */
		FC08E9D3255F84B200B46FF7 /* Frameworks */ = {
			isa = PBXFrameworksBuildPhase;
			buildActionMask = 2147483647;
			files = (
				3805F98E2AFB24A4D5D04DA5 /* libPods-Fansbot.a in Frameworks */,
			);
			runOnlyForDeploymentPostprocessing = 0;
		};
/* End PBXFrameworksBuildPhase section */

/* Begin PBXGroup section */
		4931B6460255ACAE449DAE69 /* Frameworks */ = {
			isa = PBXGroup;
			children = (
				9F6E2E2319AD4CC2457EE10A /* libPods-Fansbot.a */,
			);
			name = Frameworks;
			sourceTree = "<group>";
		};
		D486DD8D36DF0DACA0248A31 /* Pods */ = {
			isa = PBXGroup;
			children = (
				F826C882E6019CD5E3B10164 /* Pods-Fansbot.debug.xcconfig */,
				3AF9DAB6B2BDAF85CA350190 /* Pods-Fansbot.release.xcconfig */,
			);
			path = Pods;
			sourceTree = "<group>";
		};
		FC08E9CD255F84B200B46FF7 = {
			isa = PBXGroup;
			children = (
				FC08E9D8255F84B200B46FF7 /* Fansbot */,
				FC08E9D7255F84B200B46FF7 /* Products */,
				D486DD8D36DF0DACA0248A31 /* Pods */,
				4931B6460255ACAE449DAE69 /* Frameworks */,
			);
			sourceTree = "<group>";
		};
		FC08E9D7255F84B200B46FF7 /* Products */ = {
			isa = PBXGroup;
			children = (
				FC08E9D6255F84B200B46FF7 /* Fansbot.app */,
			);
			name = Products;
			sourceTree = "<group>";
		};
		FC08E9D8255F84B200B46FF7 /* Fansbot */ = {
			isa = PBXGroup;
			children = (
				FC1006CD2562171200571309 /* Inheritance */,
				FC1006C02562071C00571309 /* Category */,
				FC08EA142562016800B46FF7 /* Tool */,
				FC08E9F6255F85A900B46FF7 /* ViewController */,
				FC08E9D9255F84B200B46FF7 /* AppDelegate.h */,
				FC08E9DA255F84B200B46FF7 /* AppDelegate.m */,
				FC1006BD2562043700571309 /* PrefixHeader.pch */,
				FC08E9E5255F84B200B46FF7 /* Assets.xcassets */,
				FC08E9E7255F84B200B46FF7 /* LaunchScreen.storyboard */,
				FC08E9EA255F84B200B46FF7 /* Info.plist */,
				FC08E9EB255F84B200B46FF7 /* main.m */,
			);
			path = Fansbot;
			sourceTree = "<group>";
		};
		FC08E9F6255F85A900B46FF7 /* ViewController */ = {
			isa = PBXGroup;
			children = (
				FC49D6AA2562616D00A889A2 /* 登录注册 */,
				FC08E9F7255F85C700B46FF7 /* RootViewController.h */,
				FC08E9F8255F85C700B46FF7 /* RootViewController.m */,
				FC08EA10255F8FB600B46FF7 /* BootViewController.h */,
				FC08EA11255F8FB600B46FF7 /* BootViewController.m */,
			);
			path = ViewController;
			sourceTree = "<group>";
		};
		FC08EA142562016800B46FF7 /* Tool */ = {
			isa = PBXGroup;
			children = (
				FC08EA152562016800B46FF7 /* UIViewManage.h */,
				FC08EA172562016800B46FF7 /* UIViewManage.m */,
				FC08EA182562016800B46FF7 /* NetworkManage.h */,
				FC08EA162562016800B46FF7 /* NetworkManage.m */,
			);
			path = Tool;
			sourceTree = "<group>";
		};
		FC1006C02562071C00571309 /* Category */ = {
			isa = PBXGroup;
			children = (
				FC49D6872562400200A889A2 /* UINavigationBar+handle.h */,
				FC49D6862562400200A889A2 /* UINavigationBar+handle.m */,
				FC3C897225621BD200F12208 /* UIView+Toast.h */,
				FC3C897125621BD200F12208 /* UIView+Toast.m */,
				FC1006C12562079000571309 /* NSString+handle.h */,
				FC1006C22562079000571309 /* NSString+handle.m */,
				FC1006C9256210A000571309 /* UIColor+base.h */,
				FC1006CA256210A000571309 /* UIColor+base.m */,
			);
			path = Category;
			sourceTree = "<group>";
		};
		FC1006CD2562171200571309 /* Inheritance */ = {
			isa = PBXGroup;
			children = (
				FC49D68025623FA200A889A2 /* BaseNavigationController.h */,
				FC49D67F25623FA200A889A2 /* BaseNavigationController.m */,
				FC49D68125623FA200A889A2 /* BaseViewController.h */,
				FC49D68225623FA200A889A2 /* BaseViewController.m */,
				FC1006CE256217E800571309 /* OptionalButton.h */,
				FC1006CF256217E800571309 /* OptionalButton.m */,
				FC49D68A25624BEF00A889A2 /* BlockTextField.h */,
				FC49D68B25624BEF00A889A2 /* BlockTextField.m */,
			);
			path = Inheritance;
			sourceTree = "<group>";
		};
		FC49D6AA2562616D00A889A2 /* 登录注册 */ = {
			isa = PBXGroup;
			children = (
				FC49D67B25623D7200A889A2 /* RegisterViewController.h */,
				FC49D67C25623D7200A889A2 /* RegisterViewController.m */,
				FC49D6AB256261BA00A889A2 /* LoginViewController.h */,
				FC49D6AC256261BA00A889A2 /* LoginViewController.m */,
			);
			path = "登录注册";
			sourceTree = "<group>";
		};
/* End PBXGroup section */

/* Begin PBXNativeTarget section */
		FC08E9D5255F84B200B46FF7 /* Fansbot */ = {
			isa = PBXNativeTarget;
			buildConfigurationList = FC08E9EF255F84B200B46FF7 /* Build configuration list for PBXNativeTarget "Fansbot" */;
			buildPhases = (
				6714AC1DEF1365C354E06CC5 /* [CP] Check Pods Manifest.lock */,
				FC08E9D2255F84B200B46FF7 /* Sources */,
				FC08E9D3255F84B200B46FF7 /* Frameworks */,
				FC08E9D4255F84B200B46FF7 /* Resources */,
				D9FB6F7E8EFF9F87676493D1 /* [CP] Copy Pods Resources */,
			);
			buildRules = (
			);
			dependencies = (
			);
			name = Fansbot;
			productName = Fansbot;
			productReference = FC08E9D6255F84B200B46FF7 /* Fansbot.app */;
			productType = "com.apple.product-type.application";
		};
/* End PBXNativeTarget section */

/* Begin PBXProject section */
		FC08E9CE255F84B200B46FF7 /* Project object */ = {
			isa = PBXProject;
			attributes = {
				LastUpgradeCheck = 1210;
				TargetAttributes = {
					FC08E9D5255F84B200B46FF7 = {
						CreatedOnToolsVersion = 12.1;
					};
				};
			};
			buildConfigurationList = FC08E9D1255F84B200B46FF7 /* Build configuration list for PBXProject "Fansbot" */;
			compatibilityVersion = "Xcode 9.3";
			developmentRegion = en;
			hasScannedForEncodings = 0;
			knownRegions = (
				en,
				Base,
			);
			mainGroup = FC08E9CD255F84B200B46FF7;
			productRefGroup = FC08E9D7255F84B200B46FF7 /* Products */;
			projectDirPath = "";
			projectRoot = "";
			targets = (
				FC08E9D5255F84B200B46FF7 /* Fansbot */,
			);
		};
/* End PBXProject section */

/* Begin PBXResourcesBuildPhase section */
		FC08E9D4255F84B200B46FF7 /* Resources */ = {
			isa = PBXResourcesBuildPhase;
			buildActionMask = 2147483647;
			files = (
				FC08E9E9255F84B200B46FF7 /* LaunchScreen.storyboard in Resources */,
				FC08E9E6255F84B200B46FF7 /* Assets.xcassets in Resources */,
			);
			runOnlyForDeploymentPostprocessing = 0;
		};
/* End PBXResourcesBuildPhase section */

/* Begin PBXShellScriptBuildPhase section */
		6714AC1DEF1365C354E06CC5 /* [CP] Check Pods Manifest.lock */ = {
			isa = PBXShellScriptBuildPhase;
			buildActionMask = 2147483647;
			files = (
			);
			inputFileListPaths = (
			);
			inputPaths = (
				"${PODS_PODFILE_DIR_PATH}/Podfile.lock",
				"${PODS_ROOT}/Manifest.lock",
			);
			name = "[CP] Check Pods Manifest.lock";
			outputFileListPaths = (
			);
			outputPaths = (
				"$(DERIVED_FILE_DIR)/Pods-Fansbot-checkManifestLockResult.txt",
			);
			runOnlyForDeploymentPostprocessing = 0;
			shellPath = /bin/sh;
			shellScript = "diff \"${PODS_PODFILE_DIR_PATH}/Podfile.lock\" \"${PODS_ROOT}/Manifest.lock\" > /dev/null\nif [ $? != 0 ] ; then\n    # print error to STDERR\n    echo \"error: The sandbox is not in sync with the Podfile.lock. Run 'pod install' or update your CocoaPods installation.\" >&2\n    exit 1\nfi\n# This output is used by Xcode 'outputs' to avoid re-running this script phase.\necho \"SUCCESS\" > \"${SCRIPT_OUTPUT_FILE_0}\"\n";
			showEnvVarsInLog = 0;
		};
		D9FB6F7E8EFF9F87676493D1 /* [CP] Copy Pods Resources */ = {
			isa = PBXShellScriptBuildPhase;
			buildActionMask = 2147483647;
			files = (
			);
			inputFileListPaths = (
				"${PODS_ROOT}/Target Support Files/Pods-Fansbot/Pods-Fansbot-resources-${CONFIGURATION}-input-files.xcfilelist",
			);
			name = "[CP] Copy Pods Resources";
			outputFileListPaths = (
				"${PODS_ROOT}/Target Support Files/Pods-Fansbot/Pods-Fansbot-resources-${CONFIGURATION}-output-files.xcfilelist",
			);
			runOnlyForDeploymentPostprocessing = 0;
			shellPath = /bin/sh;
			shellScript = "\"${PODS_ROOT}/Target Support Files/Pods-Fansbot/Pods-Fansbot-resources.sh\"\n";
			showEnvVarsInLog = 0;
		};
/* End PBXShellScriptBuildPhase section */

/* Begin PBXSourcesBuildPhase section */
		FC08E9D2255F84B200B46FF7 /* Sources */ = {
			isa = PBXSourcesBuildPhase;
			buildActionMask = 2147483647;
			files = (
				FC49D67D25623D7200A889A2 /* RegisterViewController.m in Sources */,
				FC49D6882562400200A889A2 /* UINavigationBar+handle.m in Sources */,
				FC1006D0256217E800571309 /* OptionalButton.m in Sources */,
				FC08E9DB255F84B200B46FF7 /* AppDelegate.m in Sources */,
				FC49D68C25624BEF00A889A2 /* BlockTextField.m in Sources */,
				FC08E9EC255F84B200B46FF7 /* main.m in Sources */,
				FC08EA12255F8FB600B46FF7 /* BootViewController.m in Sources */,
				FC08EA1A2562016800B46FF7 /* UIViewManage.m in Sources */,
				FC49D6AD256261BA00A889A2 /* LoginViewController.m in Sources */,
				FC1006CB256210A000571309 /* UIColor+base.m in Sources */,
				FC1006C32562079000571309 /* NSString+handle.m in Sources */,
				FC49D68325623FA200A889A2 /* BaseNavigationController.m in Sources */,
				FC49D68425623FA200A889A2 /* BaseViewController.m in Sources */,
				FC08E9F9255F85C700B46FF7 /* RootViewController.m in Sources */,
				FC3C897325621BD200F12208 /* UIView+Toast.m in Sources */,
				FC08EA192562016800B46FF7 /* NetworkManage.m in Sources */,
			);
			runOnlyForDeploymentPostprocessing = 0;
		};
/* End PBXSourcesBuildPhase section */

/* Begin PBXVariantGroup section */
		FC08E9E7255F84B200B46FF7 /* LaunchScreen.storyboard */ = {
			isa = PBXVariantGroup;
			children = (
				FC08E9E8255F84B200B46FF7 /* Base */,
			);
			name = LaunchScreen.storyboard;
			sourceTree = "<group>";
		};
/* End PBXVariantGroup section */

/* Begin XCBuildConfiguration section */
		FC08E9ED255F84B200B46FF7 /* Debug */ = {
			isa = XCBuildConfiguration;
			buildSettings = {
				ALWAYS_SEARCH_USER_PATHS = NO;
				CLANG_ANALYZER_NONNULL = YES;
				CLANG_ANALYZER_NUMBER_OBJECT_CONVERSION = YES_AGGRESSIVE;
				CLANG_CXX_LANGUAGE_STANDARD = "gnu++14";
				CLANG_CXX_LIBRARY = "libc++";
				CLANG_ENABLE_MODULES = YES;
				CLANG_ENABLE_OBJC_ARC = YES;
				CLANG_ENABLE_OBJC_WEAK = YES;
				CLANG_WARN_BLOCK_CAPTURE_AUTORELEASING = YES;
				CLANG_WARN_BOOL_CONVERSION = YES;
				CLANG_WARN_COMMA = YES;
				CLANG_WARN_CONSTANT_CONVERSION = YES;
				CLANG_WARN_DEPRECATED_OBJC_IMPLEMENTATIONS = YES;
				CLANG_WARN_DIRECT_OBJC_ISA_USAGE = YES_ERROR;
				CLANG_WARN_DOCUMENTATION_COMMENTS = YES;
				CLANG_WARN_EMPTY_BODY = YES;
				CLANG_WARN_ENUM_CONVERSION = YES;
				CLANG_WARN_INFINITE_RECURSION = YES;
				CLANG_WARN_INT_CONVERSION = YES;
				CLANG_WARN_NON_LITERAL_NULL_CONVERSION = YES;
				CLANG_WARN_OBJC_IMPLICIT_RETAIN_SELF = YES;
				CLANG_WARN_OBJC_LITERAL_CONVERSION = YES;
				CLANG_WARN_OBJC_ROOT_CLASS = YES_ERROR;
				CLANG_WARN_QUOTED_INCLUDE_IN_FRAMEWORK_HEADER = YES;
				CLANG_WARN_RANGE_LOOP_ANALYSIS = YES;
				CLANG_WARN_STRICT_PROTOTYPES = YES;
				CLANG_WARN_SUSPICIOUS_MOVE = YES;
				CLANG_WARN_UNGUARDED_AVAILABILITY = YES_AGGRESSIVE;
				CLANG_WARN_UNREACHABLE_CODE = YES;
				CLANG_WARN__DUPLICATE_METHOD_MATCH = YES;
				COPY_PHASE_STRIP = NO;
				DEBUG_INFORMATION_FORMAT = dwarf;
				ENABLE_STRICT_OBJC_MSGSEND = YES;
				ENABLE_TESTABILITY = YES;
				GCC_C_LANGUAGE_STANDARD = gnu11;
				GCC_DYNAMIC_NO_PIC = NO;
				GCC_NO_COMMON_BLOCKS = YES;
				GCC_OPTIMIZATION_LEVEL = 0;
				GCC_PREPROCESSOR_DEFINITIONS = (
					"DEBUG=1",
					"$(inherited)",
				);
				GCC_WARN_64_TO_32_BIT_CONVERSION = YES;
				GCC_WARN_ABOUT_RETURN_TYPE = YES_ERROR;
				GCC_WARN_UNDECLARED_SELECTOR = YES;
				GCC_WARN_UNINITIALIZED_AUTOS = YES_AGGRESSIVE;
				GCC_WARN_UNUSED_FUNCTION = YES;
				GCC_WARN_UNUSED_VARIABLE = YES;
				IPHONEOS_DEPLOYMENT_TARGET = 14.1;
				MTL_ENABLE_DEBUG_INFO = INCLUDE_SOURCE;
				MTL_FAST_MATH = YES;
				ONLY_ACTIVE_ARCH = YES;
				SDKROOT = iphoneos;
			};
			name = Debug;
		};
		FC08E9EE255F84B200B46FF7 /* Release */ = {
			isa = XCBuildConfiguration;
			buildSettings = {
				ALWAYS_SEARCH_USER_PATHS = NO;
				CLANG_ANALYZER_NONNULL = YES;
				CLANG_ANALYZER_NUMBER_OBJECT_CONVERSION = YES_AGGRESSIVE;
				CLANG_CXX_LANGUAGE_STANDARD = "gnu++14";
				CLANG_CXX_LIBRARY = "libc++";
				CLANG_ENABLE_MODULES = YES;
				CLANG_ENABLE_OBJC_ARC = YES;
				CLANG_ENABLE_OBJC_WEAK = YES;
				CLANG_WARN_BLOCK_CAPTURE_AUTORELEASING = YES;
				CLANG_WARN_BOOL_CONVERSION = YES;
				CLANG_WARN_COMMA = YES;
				CLANG_WARN_CONSTANT_CONVERSION = YES;
				CLANG_WARN_DEPRECATED_OBJC_IMPLEMENTATIONS = YES;
				CLANG_WARN_DIRECT_OBJC_ISA_USAGE = YES_ERROR;
				CLANG_WARN_DOCUMENTATION_COMMENTS = YES;
				CLANG_WARN_EMPTY_BODY = YES;
				CLANG_WARN_ENUM_CONVERSION = YES;
				CLANG_WARN_INFINITE_RECURSION = YES;
				CLANG_WARN_INT_CONVERSION = YES;
				CLANG_WARN_NON_LITERAL_NULL_CONVERSION = YES;
				CLANG_WARN_OBJC_IMPLICIT_RETAIN_SELF = YES;
				CLANG_WARN_OBJC_LITERAL_CONVERSION = YES;
				CLANG_WARN_OBJC_ROOT_CLASS = YES_ERROR;
				CLANG_WARN_QUOTED_INCLUDE_IN_FRAMEWORK_HEADER = YES;
				CLANG_WARN_RANGE_LOOP_ANALYSIS = YES;
				CLANG_WARN_STRICT_PROTOTYPES = YES;
				CLANG_WARN_SUSPICIOUS_MOVE = YES;
				CLANG_WARN_UNGUARDED_AVAILABILITY = YES_AGGRESSIVE;
				CLANG_WARN_UNREACHABLE_CODE = YES;
				CLANG_WARN__DUPLICATE_METHOD_MATCH = YES;
				COPY_PHASE_STRIP = NO;
				DEBUG_INFORMATION_FORMAT = "dwarf-with-dsym";
				ENABLE_NS_ASSERTIONS = NO;
				ENABLE_STRICT_OBJC_MSGSEND = YES;
				GCC_C_LANGUAGE_STANDARD = gnu11;
				GCC_NO_COMMON_BLOCKS = YES;
				GCC_WARN_64_TO_32_BIT_CONVERSION = YES;
				GCC_WARN_ABOUT_RETURN_TYPE = YES_ERROR;
				GCC_WARN_UNDECLARED_SELECTOR = YES;
				GCC_WARN_UNINITIALIZED_AUTOS = YES_AGGRESSIVE;
				GCC_WARN_UNUSED_FUNCTION = YES;
				GCC_WARN_UNUSED_VARIABLE = YES;
				IPHONEOS_DEPLOYMENT_TARGET = 14.1;
				MTL_ENABLE_DEBUG_INFO = NO;
				MTL_FAST_MATH = YES;
				SDKROOT = iphoneos;
				VALIDATE_PRODUCT = YES;
			};
			name = Release;
		};
		FC08E9F0255F84B200B46FF7 /* Debug */ = {
			isa = XCBuildConfiguration;
			baseConfigurationReference = F826C882E6019CD5E3B10164 /* Pods-Fansbot.debug.xcconfig */;
			buildSettings = {
				ASSETCATALOG_COMPILER_APPICON_NAME = AppIcon;
				ASSETCATALOG_COMPILER_GLOBAL_ACCENT_COLOR_NAME = AccentColor;
				CODE_SIGN_STYLE = Automatic;
				DEVELOPMENT_TEAM = ULGBWSCM82;
				GCC_PRECOMPILE_PREFIX_HEADER = YES;
				GCC_PREFIX_HEADER = "$(SRCROOT)/Fansbot/PrefixHeader.pch";
				INFOPLIST_FILE = Fansbot/Info.plist;
				IPHONEOS_DEPLOYMENT_TARGET = 10.0;
				LD_RUNPATH_SEARCH_PATHS = (
					"$(inherited)",
					"@executable_path/Frameworks",
				);
				PRODUCT_BUNDLE_IDENTIFIER = com.fansbot.telematic;
				PRODUCT_NAME = "$(TARGET_NAME)";
				TARGETED_DEVICE_FAMILY = 1;
			};
			name = Debug;
		};
		FC08E9F1255F84B200B46FF7 /* Release */ = {
			isa = XCBuildConfiguration;
			baseConfigurationReference = 3AF9DAB6B2BDAF85CA350190 /* Pods-Fansbot.release.xcconfig */;
			buildSettings = {
				ASSETCATALOG_COMPILER_APPICON_NAME = AppIcon;
				ASSETCATALOG_COMPILER_GLOBAL_ACCENT_COLOR_NAME = AccentColor;
				CODE_SIGN_STYLE = Automatic;
				DEVELOPMENT_TEAM = ULGBWSCM82;
				GCC_PRECOMPILE_PREFIX_HEADER = YES;
				GCC_PREFIX_HEADER = "$(SRCROOT)/Fansbot/PrefixHeader.pch";
				INFOPLIST_FILE = Fansbot/Info.plist;
				IPHONEOS_DEPLOYMENT_TARGET = 10.0;
				LD_RUNPATH_SEARCH_PATHS = (
					"$(inherited)",
					"@executable_path/Frameworks",
				);
				PRODUCT_BUNDLE_IDENTIFIER = com.fansbot.telematic;
				PRODUCT_NAME = "$(TARGET_NAME)";
				TARGETED_DEVICE_FAMILY = 1;
			};
			name = Release;
		};
/* End XCBuildConfiguration section */

/* Begin XCConfigurationList section */
		FC08E9D1255F84B200B46FF7 /* Build configuration list for PBXProject "Fansbot" */ = {
			isa = XCConfigurationList;
			buildConfigurations = (
				FC08E9ED255F84B200B46FF7 /* Debug */,
				FC08E9EE255F84B200B46FF7 /* Release */,
			);
			defaultConfigurationIsVisible = 0;
			defaultConfigurationName = Release;
		};
		FC08E9EF255F84B200B46FF7 /* Build configuration list for PBXNativeTarget "Fansbot" */ = {
			isa = XCConfigurationList;
			buildConfigurations = (
				FC08E9F0255F84B200B46FF7 /* Debug */,
				FC08E9F1255F84B200B46FF7 /* Release */,
			);
			defaultConfigurationIsVisible = 0;
			defaultConfigurationName = Release;
		};
/* End XCConfigurationList section */
	};
	rootObject = FC08E9CE255F84B200B46FF7 /* Project object */;
}
